
Microsoft Visual Studio Solution File, Format Version 12.00
# Visual Studio Version 17
VisualStudioVersion = 17.11.35327.3
MinimumVisualStudioVersion = 10.0.40219.1
Project("{FAE04EC0-301F-11D3-BF4B-00C04F79EFBC}") = "BMI Calculator", "BMI Calculator\BMI Calculator.csproj", "{1708B3D2-CB75-4652-A455-24850E1BFEFB}"
EndProject
Global
	GlobalSection(SolutionConfigurationPlatforms) = preSolution
		Debug|Any CPU = Debug|Any CPU
		Release|Any CPU = Release|Any CPU
	EndGlobalSection
	GlobalSection(ProjectConfigurationPlatforms) = postSolution
		{1708B3D2-CB75-4652-A455-24850E1BFEFB}.Debug|Any CPU.ActiveCfg = Debug|Any CPU
		{1708B3D2-CB75-4652-A455-24850E1BFEFB}.Debug|Any CPU.Build.0 = Debug|Any CPU
		{1708B3D2-CB75-4652-A455-24850E1BFEFB}.Release|Any CPU.ActiveCfg = Release|Any CPU
		{1708B3D2-CB75-4652-A455-24850E1BFEFB}.Release|Any CPU.Build.0 = Release|Any CPU
	EndGlobalSection
	GlobalSection(SolutionProperties) = preSolution
		HideSolutionNode = FALSE
	EndGlobalSection
	GlobalSection(ExtensibilityGlobals) = postSolution
		SolutionGuid = {A1754895-9086-4BD3-86A6-60346C9E7083}
	EndGlobalSection
EndGlobal
